
Microsoft Visual Studio Solution File, Format Version 12.00
# Visual Studio Version 17
VisualStudioVersion = 17.9.34607.119
MinimumVisualStudioVersion = 10.0.40219.1
Project("{FAE04EC0-301F-11D3-BF4B-00C04F79EFBC}") = "Lab1", "Lab1\Lab1.csproj", "{04D0960A-8416-4ACB-AC60-B848304D71BC}"
EndProject
Global
	GlobalSection(SolutionConfigurationPlatforms) = preSolution
		Debug|Any CPU = Debug|Any CPU
		Release|Any CPU = Release|Any CPU
	EndGlobalSection
	GlobalSection(ProjectConfigurationPlatforms) = postSolution
		{04D0960A-8416-4ACB-AC60-B848304D71BC}.Debug|Any CPU.ActiveCfg = Debug|Any CPU
		{04D0960A-8416-4ACB-AC60-B848304D71BC}.Debug|Any CPU.Build.0 = Debug|Any CPU
		{04D0960A-8416-4ACB-AC60-B848304D71BC}.Release|Any CPU.ActiveCfg = Release|Any CPU
		{04D0960A-8416-4ACB-AC60-B848304D71BC}.Release|Any CPU.Build.0 = Release|Any CPU
	EndGlobalSection
	GlobalSection(SolutionProperties) = preSolution
		HideSolutionNode = FALSE
	EndGlobalSection
	GlobalSection(ExtensibilityGlobals) = postSolution
		SolutionGuid = {F6D1F05B-3FEE-4281-B801-1C8DA099D324}
	EndGlobalSection
EndGlobal
